
Microsoft Visual Studio Solution File, Format Version 12.00
# Visual Studio Version 17
VisualStudioVersion = 17.3.32825.248
MinimumVisualStudioVersion = 10.0.40219.1
Project("{9A19103F-16F7-4668-BE54-9A1E7A4F7556}") = "Marvin.Web", "Marvin.Web\Marvin.Web\Marvin.Web.csproj", "{AC724760-4213-489D-A2BA-E332DF4FFA6C}"
EndProject
Global
	GlobalSection(SolutionConfigurationPlatforms) = preSolution
		Debug|Any CPU = Debug|Any CPU
		Release|Any CPU = Release|Any CPU
	EndGlobalSection
	GlobalSection(ProjectConfigurationPlatforms) = postSolution
		{AC724760-4213-489D-A2BA-E332DF4FFA6C}.Debug|Any CPU.ActiveCfg = Debug|Any CPU
		{AC724760-4213-489D-A2BA-E332DF4FFA6C}.Debug|Any CPU.Build.0 = Debug|Any CPU
		{AC724760-4213-489D-A2BA-E332DF4FFA6C}.Release|Any CPU.ActiveCfg = Release|Any CPU
		{AC724760-4213-489D-A2BA-E332DF4FFA6C}.Release|Any CPU.Build.0 = Release|Any CPU
	EndGlobalSection
	GlobalSection(SolutionProperties) = preSolution
		HideSolutionNode = FALSE
	EndGlobalSection
	GlobalSection(ExtensibilityGlobals) = postSolution
		SolutionGuid = {20046CC0-80EF-46D5-A298-AB2F52DB71E9}
	EndGlobalSection
EndGlobal
